// !$*UTF8*$!
{
	archiveVersion = 1;
	classes = {
	};
	objectVersion = 51;
	objects = {

/* Begin PBXBuildFile section */
		26642C007D18311D2D2CEDA4 /* Pods_ParstagramTests.framework in Frameworks */ = {isa = PBXBuildFile; fileRef = E277E90235B5D10523BC4839 /* Pods_ParstagramTests.framework */; };
		5432F35AE1172AC2D3CEC90A /* Pods_Parstagram_ParstagramUITests.framework in Frameworks */ = {isa = PBXBuildFile; fileRef = 3EA3C192FFE544F0DE26C875 /* Pods_Parstagram_ParstagramUITests.framework */; };
		A629E475EDB80B25C4885682 /* Pods_Parstagram.framework in Frameworks */ = {isa = PBXBuildFile; fileRef = F5D8B03790E902D1D16B381F /* Pods_Parstagram.framework */; };
		BE0FE3B4237DCCA8009DDDA4 /* LoginViewController.swift in Sources */ = {isa = PBXBuildFile; fileRef = BE0FE3B3237DCCA8009DDDA4 /* LoginViewController.swift */; };
		BE0FE3B6237DCCBA009DDDA4 /* FeedViewController.swift in Sources */ = {isa = PBXBuildFile; fileRef = BE0FE3B5237DCCBA009DDDA4 /* FeedViewController.swift */; };
		BE9DA130237DAED600C9ACD8 /* AppDelegate.swift in Sources */ = {isa = PBXBuildFile; fileRef = BE9DA12F237DAED600C9ACD8 /* AppDelegate.swift */; };
		BE9DA132237DAED600C9ACD8 /* SceneDelegate.swift in Sources */ = {isa = PBXBuildFile; fileRef = BE9DA131237DAED600C9ACD8 /* SceneDelegate.swift */; };
		BE9DA137237DAED600C9ACD8 /* Main.storyboard in Resources */ = {isa = PBXBuildFile; fileRef = BE9DA135237DAED600C9ACD8 /* Main.storyboard */; };
		BE9DA139237DAED900C9ACD8 /* Assets.xcassets in Resources */ = {isa = PBXBuildFile; fileRef = BE9DA138237DAED900C9ACD8 /* Assets.xcassets */; };
		BE9DA13C237DAED900C9ACD8 /* LaunchScreen.storyboard in Resources */ = {isa = PBXBuildFile; fileRef = BE9DA13A237DAED900C9ACD8 /* LaunchScreen.storyboard */; };
		BE9DA147237DAED900C9ACD8 /* ParstagramTests.swift in Sources */ = {isa = PBXBuildFile; fileRef = BE9DA146237DAED900C9ACD8 /* ParstagramTests.swift */; };
		BE9DA152237DAED900C9ACD8 /* ParstagramUITests.swift in Sources */ = {isa = PBXBuildFile; fileRef = BE9DA151237DAED900C9ACD8 /* ParstagramUITests.swift */; };
/* End PBXBuildFile section */

/* Begin PBXContainerItemProxy section */
		BE9DA143237DAED900C9ACD8 /* PBXContainerItemProxy */ = {
			isa = PBXContainerItemProxy;
			containerPortal = BE9DA124237DAED600C9ACD8 /* Project object */;
			proxyType = 1;
			remoteGlobalIDString = BE9DA12B237DAED600C9ACD8;
			remoteInfo = Parstagram;
		};
		BE9DA14E237DAED900C9ACD8 /* PBXContainerItemProxy */ = {
			isa = PBXContainerItemProxy;
			containerPortal = BE9DA124237DAED600C9ACD8 /* Project object */;
			proxyType = 1;
			remoteGlobalIDString = BE9DA12B237DAED600C9ACD8;
			remoteInfo = Parstagram;
		};
/* End PBXContainerItemProxy section */

/* Begin PBXFileReference section */
		01B018F0224BC8E733C70323 /* Pods-Parstagram.release.xcconfig */ = {isa = PBXFileReference; includeInIndex = 1; lastKnownFileType = text.xcconfig; name = "Pods-Parstagram.release.xcconfig"; path = "Target Support Files/Pods-Parstagram/Pods-Parstagram.release.xcconfig"; sourceTree = "<group>"; };
		23AF8A1248FAE2326B13520F /* Pods-Parstagram.debug.xcconfig */ = {isa = PBXFileReference; includeInIndex = 1; lastKnownFileType = text.xcconfig; name = "Pods-Parstagram.debug.xcconfig"; path = "Target Support Files/Pods-Parstagram/Pods-Parstagram.debug.xcconfig"; sourceTree = "<group>"; };
		36F368A9FB5D2DCEFA958581 /* Pods-ParstagramTests.debug.xcconfig */ = {isa = PBXFileReference; includeInIndex = 1; lastKnownFileType = text.xcconfig; name = "Pods-ParstagramTests.debug.xcconfig"; path = "Target Support Files/Pods-ParstagramTests/Pods-ParstagramTests.debug.xcconfig"; sourceTree = "<group>"; };
		3EA3C192FFE544F0DE26C875 /* Pods_Parstagram_ParstagramUITests.framework */ = {isa = PBXFileReference; explicitFileType = wrapper.framework; includeInIndex = 0; path = Pods_Parstagram_ParstagramUITests.framework; sourceTree = BUILT_PRODUCTS_DIR; };
		9913160FF4BE112DFD956A38 /* Pods-ParstagramTests.release.xcconfig */ = {isa = PBXFileReference; includeInIndex = 1; lastKnownFileType = text.xcconfig; name = "Pods-ParstagramTests.release.xcconfig"; path = "Target Support Files/Pods-ParstagramTests/Pods-ParstagramTests.release.xcconfig"; sourceTree = "<group>"; };
		9CA789119BC25698EF8E23F9 /* Pods-Parstagram-ParstagramUITests.debug.xcconfig */ = {isa = PBXFileReference; includeInIndex = 1; lastKnownFileType = text.xcconfig; name = "Pods-Parstagram-ParstagramUITests.debug.xcconfig"; path = "Target Support Files/Pods-Parstagram-ParstagramUITests/Pods-Parstagram-ParstagramUITests.debug.xcconfig"; sourceTree = "<group>"; };
		BE0FE3B3237DCCA8009DDDA4 /* LoginViewController.swift */ = {isa = PBXFileReference; lastKnownFileType = sourcecode.swift; path = LoginViewController.swift; sourceTree = "<group>"; };
		BE0FE3B5237DCCBA009DDDA4 /* FeedViewController.swift */ = {isa = PBXFileReference; lastKnownFileType = sourcecode.swift; path = FeedViewController.swift; sourceTree = "<group>"; };
		BE9DA12C237DAED600C9ACD8 /* Parstagram.app */ = {isa = PBXFileReference; explicitFileType = wrapper.application; includeInIndex = 0; path = Parstagram.app; sourceTree = BUILT_PRODUCTS_DIR; };
		BE9DA12F237DAED600C9ACD8 /* AppDelegate.swift */ = {isa = PBXFileReference; lastKnownFileType = sourcecode.swift; path = AppDelegate.swift; sourceTree = "<group>"; };
		BE9DA131237DAED600C9ACD8 /* SceneDelegate.swift */ = {isa = PBXFileReference; lastKnownFileType = sourcecode.swift; path = SceneDelegate.swift; sourceTree = "<group>"; };
		BE9DA136237DAED600C9ACD8 /* Base */ = {isa = PBXFileReference; lastKnownFileType = file.storyboard; name = Base; path = Base.lproj/Main.storyboard; sourceTree = "<group>"; };
		BE9DA138237DAED900C9ACD8 /* Assets.xcassets */ = {isa = PBXFileReference; lastKnownFileType = folder.assetcatalog; path = Assets.xcassets; sourceTree = "<group>"; };
		BE9DA13B237DAED900C9ACD8 /* Base */ = {isa = PBXFileReference; lastKnownFileType = file.storyboard; name = Base; path = Base.lproj/LaunchScreen.storyboard; sourceTree = "<group>"; };
		BE9DA13D237DAED900C9ACD8 /* Info.plist */ = {isa = PBXFileReference; lastKnownFileType = text.plist.xml; path = Info.plist; sourceTree = "<group>"; };
		BE9DA142237DAED900C9ACD8 /* ParstagramTests.xctest */ = {isa = PBXFileReference; explicitFileType = wrapper.cfbundle; includeInIndex = 0; path = ParstagramTests.xctest; sourceTree = BUILT_PRODUCTS_DIR; };
		BE9DA146237DAED900C9ACD8 /* ParstagramTests.swift */ = {isa = PBXFileReference; lastKnownFileType = sourcecode.swift; path = ParstagramTests.swift; sourceTree = "<group>"; };
		BE9DA148237DAED900C9ACD8 /* Info.plist */ = {isa = PBXFileReference; lastKnownFileType = text.plist.xml; path = Info.plist; sourceTree = "<group>"; };
		BE9DA14D237DAED900C9ACD8 /* ParstagramUITests.xctest */ = {isa = PBXFileReference; explicitFileType = wrapper.cfbundle; includeInIndex = 0; path = ParstagramUITests.xctest; sourceTree = BUILT_PRODUCTS_DIR; };
		BE9DA151237DAED900C9ACD8 /* ParstagramUITests.swift */ = {isa = PBXFileReference; lastKnownFileType = sourcecode.swift; path = ParstagramUITests.swift; sourceTree = "<group>"; };
		BE9DA153237DAED900C9ACD8 /* Info.plist */ = {isa = PBXFileReference; lastKnownFileType = text.plist.xml; path = Info.plist; sourceTree = "<group>"; };
		CB9894A63D3E5DCA781B41B8 /* Pods-Parstagram-ParstagramUITests.release.xcconfig */ = {isa = PBXFileReference; includeInIndex = 1; lastKnownFileType = text.xcconfig; name = "Pods-Parstagram-ParstagramUITests.release.xcconfig"; path = "Target Support Files/Pods-Parstagram-ParstagramUITests/Pods-Parstagram-ParstagramUITests.release.xcconfig"; sourceTree = "<group>"; };
		E277E90235B5D10523BC4839 /* Pods_ParstagramTests.framework */ = {isa = PBXFileReference; explicitFileType = wrapper.framework; includeInIndex = 0; path = Pods_ParstagramTests.framework; sourceTree = BUILT_PRODUCTS_DIR; };
		F5D8B03790E902D1D16B381F /* Pods_Parstagram.framework */ = {isa = PBXFileReference; explicitFileType = wrapper.framework; includeInIndex = 0; path = Pods_Parstagram.framework; sourceTree = BUILT_PRODUCTS_DIR; };
/* End PBXFileReference section */

/* Begin PBXFrameworksBuildPhase section */
		BE9DA129237DAED600C9ACD8 /* Frameworks */ = {
			isa = PBXFrameworksBuildPhase;
			buildActionMask = 2147483647;
			files = (
				A629E475EDB80B25C4885682 /* Pods_Parstagram.framework in Frameworks */,
			);
			runOnlyForDeploymentPostprocessing = 0;
		};
		BE9DA13F237DAED900C9ACD8 /* Frameworks */ = {
			isa = PBXFrameworksBuildPhase;
			buildActionMask = 2147483647;
			files = (
				26642C007D18311D2D2CEDA4 /* Pods_ParstagramTests.framework in Frameworks */,
			);
			runOnlyForDeploymentPostprocessing = 0;
		};
		BE9DA14A237DAED900C9ACD8 /* Frameworks */ = {
			isa = PBXFrameworksBuildPhase;
			buildActionMask = 2147483647;
			files = (
				5432F35AE1172AC2D3CEC90A /* Pods_Parstagram_ParstagramUITests.framework in Frameworks */,
			);
			runOnlyForDeploymentPostprocessing = 0;
		};
/* End PBXFrameworksBuildPhase section */

/* Begin PBXGroup section */
		AC2061255CD4DC312A9749EE /* Frameworks */ = {
			isa = PBXGroup;
			children = (
				F5D8B03790E902D1D16B381F /* Pods_Parstagram.framework */,
				3EA3C192FFE544F0DE26C875 /* Pods_Parstagram_ParstagramUITests.framework */,
				E277E90235B5D10523BC4839 /* Pods_ParstagramTests.framework */,
			);
			name = Frameworks;
			sourceTree = "<group>";
		};
		BE9DA123237DAED600C9ACD8 = {
			isa = PBXGroup;
			children = (
				BE9DA12E237DAED600C9ACD8 /* Parstagram */,
				BE9DA145237DAED900C9ACD8 /* ParstagramTests */,
				BE9DA150237DAED900C9ACD8 /* ParstagramUITests */,
				BE9DA12D237DAED600C9ACD8 /* Products */,
				D57241693FB07B4B691182DF /* Pods */,
				AC2061255CD4DC312A9749EE /* Frameworks */,
			);
			sourceTree = "<group>";
		};
		BE9DA12D237DAED600C9ACD8 /* Products */ = {
			isa = PBXGroup;
			children = (
				BE9DA12C237DAED600C9ACD8 /* Parstagram.app */,
				BE9DA142237DAED900C9ACD8 /* ParstagramTests.xctest */,
				BE9DA14D237DAED900C9ACD8 /* ParstagramUITests.xctest */,
			);
			name = Products;
			sourceTree = "<group>";
		};
		BE9DA12E237DAED600C9ACD8 /* Parstagram */ = {
			isa = PBXGroup;
			children = (
				BE9DA12F237DAED600C9ACD8 /* AppDelegate.swift */,
				BE9DA131237DAED600C9ACD8 /* SceneDelegate.swift */,
				BE9DA135237DAED600C9ACD8 /* Main.storyboard */,
				BE9DA138237DAED900C9ACD8 /* Assets.xcassets */,
				BE9DA13A237DAED900C9ACD8 /* LaunchScreen.storyboard */,
				BE9DA13D237DAED900C9ACD8 /* Info.plist */,
				BE0FE3B3237DCCA8009DDDA4 /* LoginViewController.swift */,
				BE0FE3B5237DCCBA009DDDA4 /* FeedViewController.swift */,
			);
			path = Parstagram;
			sourceTree = "<group>";
		};
		BE9DA145237DAED900C9ACD8 /* ParstagramTests */ = {
			isa = PBXGroup;
			children = (
				BE9DA146237DAED900C9ACD8 /* ParstagramTests.swift */,
				BE9DA148237DAED900C9ACD8 /* Info.plist */,
			);
			path = ParstagramTests;
			sourceTree = "<group>";
		};
		BE9DA150237DAED900C9ACD8 /* ParstagramUITests */ = {
			isa = PBXGroup;
			children = (
				BE9DA151237DAED900C9ACD8 /* ParstagramUITests.swift */,
				BE9DA153237DAED900C9ACD8 /* Info.plist */,
			);
			path = ParstagramUITests;
			sourceTree = "<group>";
		};
		D57241693FB07B4B691182DF /* Pods */ = {
			isa = PBXGroup;
			children = (
				23AF8A1248FAE2326B13520F /* Pods-Parstagram.debug.xcconfig */,
				01B018F0224BC8E733C70323 /* Pods-Parstagram.release.xcconfig */,
				9CA789119BC25698EF8E23F9 /* Pods-Parstagram-ParstagramUITests.debug.xcconfig */,
				CB9894A63D3E5DCA781B41B8 /* Pods-Parstagram-ParstagramUITests.release.xcconfig */,
				36F368A9FB5D2DCEFA958581 /* Pods-ParstagramTests.debug.xcconfig */,
				9913160FF4BE112DFD956A38 /* Pods-ParstagramTests.release.xcconfig */,
			);
			path = Pods;
			sourceTree = "<group>";
		};
/* End PBXGroup section */

/* Begin PBXNativeTarget section */
		BE9DA12B237DAED600C9ACD8 /* Parstagram */ = {
			isa = PBXNativeTarget;
			buildConfigurationList = BE9DA156237DAED900C9ACD8 /* Build configuration list for PBXNativeTarget "Parstagram" */;
			buildPhases = (
				CF645231977B88D4EAFEC898 /* [CP] Check Pods Manifest.lock */,
				BE9DA128237DAED600C9ACD8 /* Sources */,
				BE9DA129237DAED600C9ACD8 /* Frameworks */,
				BE9DA12A237DAED600C9ACD8 /* Resources */,
				D616B20907A40E8E4B92F9D5 /* [CP] Embed Pods Frameworks */,
			);
			buildRules = (
			);
			dependencies = (
			);
			name = Parstagram;
			productName = Parstagram;
			productReference = BE9DA12C237DAED600C9ACD8 /* Parstagram.app */;
			productType = "com.apple.product-type.application";
		};
		BE9DA141237DAED900C9ACD8 /* ParstagramTests */ = {
			isa = PBXNativeTarget;
			buildConfigurationList = BE9DA159237DAED900C9ACD8 /* Build configuration list for PBXNativeTarget "ParstagramTests" */;
			buildPhases = (
				16BBC64BF57F7498CC9D65DC /* [CP] Check Pods Manifest.lock */,
				BE9DA13E237DAED900C9ACD8 /* Sources */,
				BE9DA13F237DAED900C9ACD8 /* Frameworks */,
				BE9DA140237DAED900C9ACD8 /* Resources */,
			);
			buildRules = (
			);
			dependencies = (
				BE9DA144237DAED900C9ACD8 /* PBXTargetDependency */,
			);
			name = ParstagramTests;
			productName = ParstagramTests;
			productReference = BE9DA142237DAED900C9ACD8 /* ParstagramTests.xctest */;
			productType = "com.apple.product-type.bundle.unit-test";
		};
		BE9DA14C237DAED900C9ACD8 /* ParstagramUITests */ = {
			isa = PBXNativeTarget;
			buildConfigurationList = BE9DA15C237DAED900C9ACD8 /* Build configuration list for PBXNativeTarget "ParstagramUITests" */;
			buildPhases = (
				9DA37170733D8EF24C481D0B /* [CP] Check Pods Manifest.lock */,
				BE9DA149237DAED900C9ACD8 /* Sources */,
				BE9DA14A237DAED900C9ACD8 /* Frameworks */,
				BE9DA14B237DAED900C9ACD8 /* Resources */,
				4EBAB2C9F2F6410718450F71 /* [CP] Embed Pods Frameworks */,
			);
			buildRules = (
			);
			dependencies = (
				BE9DA14F237DAED900C9ACD8 /* PBXTargetDependency */,
			);
			name = ParstagramUITests;
			productName = ParstagramUITests;
			productReference = BE9DA14D237DAED900C9ACD8 /* ParstagramUITests.xctest */;
			productType = "com.apple.product-type.bundle.ui-testing";
		};
/* End PBXNativeTarget section */

/* Begin PBXProject section */
		BE9DA124237DAED600C9ACD8 /* Project object */ = {
			isa = PBXProject;
			attributes = {
				LastSwiftUpdateCheck = 1120;
				LastUpgradeCheck = 1120;
				ORGANIZATIONNAME = Heiss;
				TargetAttributes = {
					BE9DA12B237DAED600C9ACD8 = {
						CreatedOnToolsVersion = 11.2;
					};
					BE9DA141237DAED900C9ACD8 = {
						CreatedOnToolsVersion = 11.2;
						TestTargetID = BE9DA12B237DAED600C9ACD8;
					};
					BE9DA14C237DAED900C9ACD8 = {
						CreatedOnToolsVersion = 11.2;
						TestTargetID = BE9DA12B237DAED600C9ACD8;
					};
				};
			};
			buildConfigurationList = BE9DA127237DAED600C9ACD8 /* Build configuration list for PBXProject "Parstagram" */;
			compatibilityVersion = "Xcode 9.3";
			developmentRegion = en;
			hasScannedForEncodings = 0;
			knownRegions = (
				en,
				Base,
			);
			mainGroup = BE9DA123237DAED600C9ACD8;
			productRefGroup = BE9DA12D237DAED600C9ACD8 /* Products */;
			projectDirPath = "";
			projectRoot = "";
			targets = (
				BE9DA12B237DAED600C9ACD8 /* Parstagram */,
				BE9DA141237DAED900C9ACD8 /* ParstagramTests */,
				BE9DA14C237DAED900C9ACD8 /* ParstagramUITests */,
			);
		};
/* End PBXProject section */

/* Begin PBXResourcesBuildPhase section */
		BE9DA12A237DAED600C9ACD8 /* Resources */ = {
			isa = PBXResourcesBuildPhase;
			buildActionMask = 2147483647;
			files = (
				BE9DA13C237DAED900C9ACD8 /* LaunchScreen.storyboard in Resources */,
				BE9DA139237DAED900C9ACD8 /* Assets.xcassets in Resources */,
				BE9DA137237DAED600C9ACD8 /* Main.storyboard in Resources */,
			);
			runOnlyForDeploymentPostprocessing = 0;
		};
		BE9DA140237DAED900C9ACD8 /* Resources */ = {
			isa = PBXResourcesBuildPhase;
			buildActionMask = 2147483647;
			files = (
			);
			runOnlyForDeploymentPostprocessing = 0;
		};
		BE9DA14B237DAED900C9ACD8 /* Resources */ = {
			isa = PBXResourcesBuildPhase;
			buildActionMask = 2147483647;
			files = (
			);
			runOnlyForDeploymentPostprocessing = 0;
		};
/* End PBXResourcesBuildPhase section */

/* Begin PBXShellScriptBuildPhase section */
		16BBC64BF57F7498CC9D65DC /* [CP] Check Pods Manifest.lock */ = {
			isa = PBXShellScriptBuildPhase;
			buildActionMask = 2147483647;
			files = (
			);
			inputFileListPaths = (
			);
			inputPaths = (
				"${PODS_PODFILE_DIR_PATH}/Podfile.lock",
				"${PODS_ROOT}/Manifest.lock",
			);
			name = "[CP] Check Pods Manifest.lock";
			outputFileListPaths = (
			);
			outputPaths = (
				"$(DERIVED_FILE_DIR)/Pods-ParstagramTests-checkManifestLockResult.txt",
			);
			runOnlyForDeploymentPostprocessing = 0;
			shellPath = /bin/sh;
			shellScript = "diff \"${PODS_PODFILE_DIR_PATH}/Podfile.lock\" \"${PODS_ROOT}/Manifest.lock\" > /dev/null\nif [ $? != 0 ] ; then\n    # print error to STDERR\n    echo \"error: The sandbox is not in sync with the Podfile.lock. Run 'pod install' or update your CocoaPods installation.\" >&2\n    exit 1\nfi\n# This output is used by Xcode 'outputs' to avoid re-running this script phase.\necho \"SUCCESS\" > \"${SCRIPT_OUTPUT_FILE_0}\"\n";
			showEnvVarsInLog = 0;
		};
		4EBAB2C9F2F6410718450F71 /* [CP] Embed Pods Frameworks */ = {
			isa = PBXShellScriptBuildPhase;
			buildActionMask = 2147483647;
			files = (
			);
			inputFileListPaths = (
				"${PODS_ROOT}/Target Support Files/Pods-Parstagram-ParstagramUITests/Pods-Parstagram-ParstagramUITests-frameworks-${CONFIGURATION}-input-files.xcfilelist",
			);
			name = "[CP] Embed Pods Frameworks";
			outputFileListPaths = (
				"${PODS_ROOT}/Target Support Files/Pods-Parstagram-ParstagramUITests/Pods-Parstagram-ParstagramUITests-frameworks-${CONFIGURATION}-output-files.xcfilelist",
			);
			runOnlyForDeploymentPostprocessing = 0;
			shellPath = /bin/sh;
			shellScript = "\"${PODS_ROOT}/Target Support Files/Pods-Parstagram-ParstagramUITests/Pods-Parstagram-ParstagramUITests-frameworks.sh\"\n";
			showEnvVarsInLog = 0;
		};
		9DA37170733D8EF24C481D0B /* [CP] Check Pods Manifest.lock */ = {
			isa = PBXShellScriptBuildPhase;
			buildActionMask = 2147483647;
			files = (
			);
			inputFileListPaths = (
			);
			inputPaths = (
				"${PODS_PODFILE_DIR_PATH}/Podfile.lock",
				"${PODS_ROOT}/Manifest.lock",
			);
			name = "[CP] Check Pods Manifest.lock";
			outputFileListPaths = (
			);
			outputPaths = (
				"$(DERIVED_FILE_DIR)/Pods-Parstagram-ParstagramUITests-checkManifestLockResult.txt",
			);
			runOnlyForDeploymentPostprocessing = 0;
			shellPath = /bin/sh;
			shellScript = "diff \"${PODS_PODFILE_DIR_PATH}/Podfile.lock\" \"${PODS_ROOT}/Manifest.lock\" > /dev/null\nif [ $? != 0 ] ; then\n    # print error to STDERR\n    echo \"error: The sandbox is not in sync with the Podfile.lock. Run 'pod install' or update your CocoaPods installation.\" >&2\n    exit 1\nfi\n# This output is used by Xcode 'outputs' to avoid re-running this script phase.\necho \"SUCCESS\" > \"${SCRIPT_OUTPUT_FILE_0}\"\n";
			showEnvVarsInLog = 0;
		};
		CF645231977B88D4EAFEC898 /* [CP] Check Pods Manifest.lock */ = {
			isa = PBXShellScriptBuildPhase;
			buildActionMask = 2147483647;
			files = (
			);
			inputFileListPaths = (
			);
			inputPaths = (
				"${PODS_PODFILE_DIR_PATH}/Podfile.lock",
				"${PODS_ROOT}/Manifest.lock",
			);
			name = "[CP] Check Pods Manifest.lock";
			outputFileListPaths = (
			);
			outputPaths = (
				"$(DERIVED_FILE_DIR)/Pods-Parstagram-checkManifestLockResult.txt",
			);
			runOnlyForDeploymentPostprocessing = 0;
			shellPath = /bin/sh;
			shellScript = "diff \"${PODS_PODFILE_DIR_PATH}/Podfile.lock\" \"${PODS_ROOT}/Manifest.lock\" > /dev/null\nif [ $? != 0 ] ; then\n    # print error to STDERR\n    echo \"error: The sandbox is not in sync with the Podfile.lock. Run 'pod install' or update your CocoaPods installation.\" >&2\n    exit 1\nfi\n# This output is used by Xcode 'outputs' to avoid re-running this script phase.\necho \"SUCCESS\" > \"${SCRIPT_OUTPUT_FILE_0}\"\n";
			showEnvVarsInLog = 0;
		};
		D616B20907A40E8E4B92F9D5 /* [CP] Embed Pods Frameworks */ = {
			isa = PBXShellScriptBuildPhase;
			buildActionMask = 2147483647;
			files = (
			);
			inputFileListPaths = (
				"${PODS_ROOT}/Target Support Files/Pods-Parstagram/Pods-Parstagram-frameworks-${CONFIGURATION}-input-files.xcfilelist",
			);
			name = "[CP] Embed Pods Frameworks";
			outputFileListPaths = (
				"${PODS_ROOT}/Target Support Files/Pods-Parstagram/Pods-Parstagram-frameworks-${CONFIGURATION}-output-files.xcfilelist",
			);
			runOnlyForDeploymentPostprocessing = 0;
			shellPath = /bin/sh;
			shellScript = "\"${PODS_ROOT}/Target Support Files/Pods-Parstagram/Pods-Parstagram-frameworks.sh\"\n";
			showEnvVarsInLog = 0;
		};
/* End PBXShellScriptBuildPhase section */

/* Begin PBXSourcesBuildPhase section */
		BE9DA128237DAED600C9ACD8 /* Sources */ = {
			isa = PBXSourcesBuildPhase;
			buildActionMask = 2147483647;
			files = (
				BE0FE3B4237DCCA8009DDDA4 /* LoginViewController.swift in Sources */,
				BE9DA130237DAED600C9ACD8 /* AppDelegate.swift in Sources */,
				BE0FE3B6237DCCBA009DDDA4 /* FeedViewController.swift in Sources */,
				BE9DA132237DAED600C9ACD8 /* SceneDelegate.swift in Sources */,
			);
			runOnlyForDeploymentPostprocessing = 0;
		};
		BE9DA13E237DAED900C9ACD8 /* Sources */ = {
			isa = PBXSourcesBuildPhase;
			buildActionMask = 2147483647;
			files = (
				BE9DA147237DAED900C9ACD8 /* ParstagramTests.swift in Sources */,
			);
			runOnlyForDeploymentPostprocessing = 0;
		};
		BE9DA149237DAED900C9ACD8 /* Sources */ = {
			isa = PBXSourcesBuildPhase;
			buildActionMask = 2147483647;
			files = (
				BE9DA152237DAED900C9ACD8 /* ParstagramUITests.swift in Sources */,
			);
			runOnlyForDeploymentPostprocessing = 0;
		};
/* End PBXSourcesBuildPhase section */

/* Begin PBXTargetDependency section */
		BE9DA144237DAED900C9ACD8 /* PBXTargetDependency */ = {
			isa = PBXTargetDependency;
			target = BE9DA12B237DAED600C9ACD8 /* Parstagram */;
			targetProxy = BE9DA143237DAED900C9ACD8 /* PBXContainerItemProxy */;
		};
		BE9DA14F237DAED900C9ACD8 /* PBXTargetDependency */ = {
			isa = PBXTargetDependency;
			target = BE9DA12B237DAED600C9ACD8 /* Parstagram */;
			targetProxy = BE9DA14E237DAED900C9ACD8 /* PBXContainerItemProxy */;
		};
/* End PBXTargetDependency section */

/* Begin PBXVariantGroup section */
		BE9DA135237DAED600C9ACD8 /* Main.storyboard */ = {
			isa = PBXVariantGroup;
			children = (
				BE9DA136237DAED600C9ACD8 /* Base */,
			);
			name = Main.storyboard;
			sourceTree = "<group>";
		};
		BE9DA13A237DAED900C9ACD8 /* LaunchScreen.storyboard */ = {
			isa = PBXVariantGroup;
			children = (
				BE9DA13B237DAED900C9ACD8 /* Base */,
			);
			name = LaunchScreen.storyboard;
			sourceTree = "<group>";
		};
/* End PBXVariantGroup section */

/* Begin XCBuildConfiguration section */
		BE9DA154237DAED900C9ACD8 /* Debug */ = {
			isa = XCBuildConfiguration;
			buildSettings = {
				ALWAYS_SEARCH_USER_PATHS = NO;
				CLANG_ANALYZER_NONNULL = YES;
				CLANG_ANALYZER_NUMBER_OBJECT_CONVERSION = YES_AGGRESSIVE;
				CLANG_CXX_LANGUAGE_STANDARD = "gnu++14";
				CLANG_CXX_LIBRARY = "libc++";
				CLANG_ENABLE_MODULES = YES;
				CLANG_ENABLE_OBJC_ARC = YES;
				CLANG_ENABLE_OBJC_WEAK = YES;
				CLANG_WARN_BLOCK_CAPTURE_AUTORELEASING = YES;
				CLANG_WARN_BOOL_CONVERSION = YES;
				CLANG_WARN_COMMA = YES;
				CLANG_WARN_CONSTANT_CONVERSION = YES;
				CLANG_WARN_DEPRECATED_OBJC_IMPLEMENTATIONS = YES;
				CLANG_WARN_DIRECT_OBJC_ISA_USAGE = YES_ERROR;
				CLANG_WARN_DOCUMENTATION_COMMENTS = YES;
				CLANG_WARN_EMPTY_BODY = YES;
				CLANG_WARN_ENUM_CONVERSION = YES;
				CLANG_WARN_INFINITE_RECURSION = YES;
				CLANG_WARN_INT_CONVERSION = YES;
				CLANG_WARN_NON_LITERAL_NULL_CONVERSION = YES;
				CLANG_WARN_OBJC_IMPLICIT_RETAIN_SELF = YES;
				CLANG_WARN_OBJC_LITERAL_CONVERSION = YES;
				CLANG_WARN_OBJC_ROOT_CLASS = YES_ERROR;
				CLANG_WARN_RANGE_LOOP_ANALYSIS = YES;
				CLANG_WARN_STRICT_PROTOTYPES = YES;
				CLANG_WARN_SUSPICIOUS_MOVE = YES;
				CLANG_WARN_UNGUARDED_AVAILABILITY = YES_AGGRESSIVE;
				CLANG_WARN_UNREACHABLE_CODE = YES;
				CLANG_WARN__DUPLICATE_METHOD_MATCH = YES;
				COPY_PHASE_STRIP = NO;
				DEBUG_INFORMATION_FORMAT = dwarf;
				ENABLE_STRICT_OBJC_MSGSEND = YES;
				ENABLE_TESTABILITY = YES;
				GCC_C_LANGUAGE_STANDARD = gnu11;
				GCC_DYNAMIC_NO_PIC = NO;
				GCC_NO_COMMON_BLOCKS = YES;
				GCC_OPTIMIZATION_LEVEL = 0;
				GCC_PREPROCESSOR_DEFINITIONS = (
					"DEBUG=1",
					"$(inherited)",
				);
				GCC_WARN_64_TO_32_BIT_CONVERSION = YES;
				GCC_WARN_ABOUT_RETURN_TYPE = YES_ERROR;
				GCC_WARN_UNDECLARED_SELECTOR = YES;
				GCC_WARN_UNINITIALIZED_AUTOS = YES_AGGRESSIVE;
				GCC_WARN_UNUSED_FUNCTION = YES;
				GCC_WARN_UNUSED_VARIABLE = YES;
				IPHONEOS_DEPLOYMENT_TARGET = 13.2;
				MTL_ENABLE_DEBUG_INFO = INCLUDE_SOURCE;
				MTL_FAST_MATH = YES;
				ONLY_ACTIVE_ARCH = YES;
				SDKROOT = iphoneos;
				SWIFT_ACTIVE_COMPILATION_CONDITIONS = DEBUG;
				SWIFT_OPTIMIZATION_LEVEL = "-Onone";
			};
			name = Debug;
		};
		BE9DA155237DAED900C9ACD8 /* Release */ = {
			isa = XCBuildConfiguration;
			buildSettings = {
				ALWAYS_SEARCH_USER_PATHS = NO;
				CLANG_ANALYZER_NONNULL = YES;
				CLANG_ANALYZER_NUMBER_OBJECT_CONVERSION = YES_AGGRESSIVE;
				CLANG_CXX_LANGUAGE_STANDARD = "gnu++14";
				CLANG_CXX_LIBRARY = "libc++";
				CLANG_ENABLE_MODULES = YES;
				CLANG_ENABLE_OBJC_ARC = YES;
				CLANG_ENABLE_OBJC_WEAK = YES;
				CLANG_WARN_BLOCK_CAPTURE_AUTORELEASING = YES;
				CLANG_WARN_BOOL_CONVERSION = YES;
				CLANG_WARN_COMMA = YES;
				CLANG_WARN_CONSTANT_CONVERSION = YES;
				CLANG_WARN_DEPRECATED_OBJC_IMPLEMENTATIONS = YES;
				CLANG_WARN_DIRECT_OBJC_ISA_USAGE = YES_ERROR;
				CLANG_WARN_DOCUMENTATION_COMMENTS = YES;
				CLANG_WARN_EMPTY_BODY = YES;
				CLANG_WARN_ENUM_CONVERSION = YES;
				CLANG_WARN_INFINITE_RECURSION = YES;
				CLANG_WARN_INT_CONVERSION = YES;
				CLANG_WARN_NON_LITERAL_NULL_CONVERSION = YES;
				CLANG_WARN_OBJC_IMPLICIT_RETAIN_SELF = YES;
				CLANG_WARN_OBJC_LITERAL_CONVERSION = YES;
				CLANG_WARN_OBJC_ROOT_CLASS = YES_ERROR;
				CLANG_WARN_RANGE_LOOP_ANALYSIS = YES;
				CLANG_WARN_STRICT_PROTOTYPES = YES;
				CLANG_WARN_SUSPICIOUS_MOVE = YES;
				CLANG_WARN_UNGUARDED_AVAILABILITY = YES_AGGRESSIVE;
				CLANG_WARN_UNREACHABLE_CODE = YES;
				CLANG_WARN__DUPLICATE_METHOD_MATCH = YES;
				COPY_PHASE_STRIP = NO;
				DEBUG_INFORMATION_FORMAT = "dwarf-with-dsym";
				ENABLE_NS_ASSERTIONS = NO;
				ENABLE_STRICT_OBJC_MSGSEND = YES;
				GCC_C_LANGUAGE_STANDARD = gnu11;
				GCC_NO_COMMON_BLOCKS = YES;
				GCC_WARN_64_TO_32_BIT_CONVERSION = YES;
				GCC_WARN_ABOUT_RETURN_TYPE = YES_ERROR;
				GCC_WARN_UNDECLARED_SELECTOR = YES;
				GCC_WARN_UNINITIALIZED_AUTOS = YES_AGGRESSIVE;
				GCC_WARN_UNUSED_FUNCTION = YES;
				GCC_WARN_UNUSED_VARIABLE = YES;
				IPHONEOS_DEPLOYMENT_TARGET = 13.2;
				MTL_ENABLE_DEBUG_INFO = NO;
				MTL_FAST_MATH = YES;
				SDKROOT = iphoneos;
				SWIFT_COMPILATION_MODE = wholemodule;
				SWIFT_OPTIMIZATION_LEVEL = "-O";
				VALIDATE_PRODUCT = YES;
			};
			name = Release;
		};
		BE9DA157237DAED900C9ACD8 /* Debug */ = {
			isa = XCBuildConfiguration;
			baseConfigurationReference = 23AF8A1248FAE2326B13520F /* Pods-Parstagram.debug.xcconfig */;
			buildSettings = {
				ASSETCATALOG_COMPILER_APPICON_NAME = AppIcon;
				CODE_SIGN_STYLE = Automatic;
				DEVELOPMENT_TEAM = JA29YMGYHD;
				INFOPLIST_FILE = Parstagram/Info.plist;
				LD_RUNPATH_SEARCH_PATHS = (
					"$(inherited)",
					"@executable_path/Frameworks",
				);
				PRODUCT_BUNDLE_IDENTIFIER = Heiss.Parstagram;
				PRODUCT_NAME = "$(TARGET_NAME)";
				SWIFT_VERSION = 5.0;
				TARGETED_DEVICE_FAMILY = "1,2";
			};
			name = Debug;
		};
		BE9DA158237DAED900C9ACD8 /* Release */ = {
			isa = XCBuildConfiguration;
			baseConfigurationReference = 01B018F0224BC8E733C70323 /* Pods-Parstagram.release.xcconfig */;
			buildSettings = {
				ASSETCATALOG_COMPILER_APPICON_NAME = AppIcon;
				CODE_SIGN_STYLE = Automatic;
				DEVELOPMENT_TEAM = JA29YMGYHD;
				INFOPLIST_FILE = Parstagram/Info.plist;
				LD_RUNPATH_SEARCH_PATHS = (
					"$(inherited)",
					"@executable_path/Frameworks",
				);
				PRODUCT_BUNDLE_IDENTIFIER = Heiss.Parstagram;
				PRODUCT_NAME = "$(TARGET_NAME)";
				SWIFT_VERSION = 5.0;
				TARGETED_DEVICE_FAMILY = "1,2";
			};
			name = Release;
		};
		BE9DA15A237DAED900C9ACD8 /* Debug */ = {
			isa = XCBuildConfiguration;
			baseConfigurationReference = 36F368A9FB5D2DCEFA958581 /* Pods-ParstagramTests.debug.xcconfig */;
			buildSettings = {
				ALWAYS_EMBED_SWIFT_STANDARD_LIBRARIES = YES;
				BUNDLE_LOADER = "$(TEST_HOST)";
				CODE_SIGN_STYLE = Automatic;
				DEVELOPMENT_TEAM = JA29YMGYHD;
				INFOPLIST_FILE = ParstagramTests/Info.plist;
				IPHONEOS_DEPLOYMENT_TARGET = 13.2;
				LD_RUNPATH_SEARCH_PATHS = (
					"$(inherited)",
					"@executable_path/Frameworks",
					"@loader_path/Frameworks",
				);
				PRODUCT_BUNDLE_IDENTIFIER = Heiss.ParstagramTests;
				PRODUCT_NAME = "$(TARGET_NAME)";
				SWIFT_VERSION = 5.0;
				TARGETED_DEVICE_FAMILY = "1,2";
				TEST_HOST = "$(BUILT_PRODUCTS_DIR)/Parstagram.app/Parstagram";
			};
			name = Debug;
		};
		BE9DA15B237DAED900C9ACD8 /* Release */ = {
			isa = XCBuildConfiguration;
			baseConfigurationReference = 9913160FF4BE112DFD956A38 /* Pods-ParstagramTests.release.xcconfig */;
			buildSettings = {
				ALWAYS_EMBED_SWIFT_STANDARD_LIBRARIES = YES;
				BUNDLE_LOADER = "$(TEST_HOST)";
				CODE_SIGN_STYLE = Automatic;
				DEVELOPMENT_TEAM = JA29YMGYHD;
				INFOPLIST_FILE = ParstagramTests/Info.plist;
				IPHONEOS_DEPLOYMENT_TARGET = 13.2;
				LD_RUNPATH_SEARCH_PATHS = (
					"$(inherited)",
					"@executable_path/Frameworks",
					"@loader_path/Frameworks",
				);
				PRODUCT_BUNDLE_IDENTIFIER = Heiss.ParstagramTests;
				PRODUCT_NAME = "$(TARGET_NAME)";
				SWIFT_VERSION = 5.0;
				TARGETED_DEVICE_FAMILY = "1,2";
				TEST_HOST = "$(BUILT_PRODUCTS_DIR)/Parstagram.app/Parstagram";
			};
			name = Release;
		};
		BE9DA15D237DAED900C9ACD8 /* Debug */ = {
			isa = XCBuildConfiguration;
			baseConfigurationReference = 9CA789119BC25698EF8E23F9 /* Pods-Parstagram-ParstagramUITests.debug.xcconfig */;
			buildSettings = {
				ALWAYS_EMBED_SWIFT_STANDARD_LIBRARIES = YES;
				CODE_SIGN_STYLE = Automatic;
				DEVELOPMENT_TEAM = JA29YMGYHD;
				INFOPLIST_FILE = ParstagramUITests/Info.plist;
				LD_RUNPATH_SEARCH_PATHS = (
					"$(inherited)",
					"@executable_path/Frameworks",
					"@loader_path/Frameworks",
				);
				PRODUCT_BUNDLE_IDENTIFIER = Heiss.ParstagramUITests;
				PRODUCT_NAME = "$(TARGET_NAME)";
				SWIFT_VERSION = 5.0;
				TARGETED_DEVICE_FAMILY = "1,2";
				TEST_TARGET_NAME = Parstagram;
			};
			name = Debug;
		};
		BE9DA15E237DAED900C9ACD8 /* Release */ = {
			isa = XCBuildConfiguration;
			baseConfigurationReference = CB9894A63D3E5DCA781B41B8 /* Pods-Parstagram-ParstagramUITests.release.xcconfig */;
			buildSettings = {
				ALWAYS_EMBED_SWIFT_STANDARD_LIBRARIES = YES;
				CODE_SIGN_STYLE = Automatic;
				DEVELOPMENT_TEAM = JA29YMGYHD;
				INFOPLIST_FILE = ParstagramUITests/Info.plist;
				LD_RUNPATH_SEARCH_PATHS = (
					"$(inherited)",
					"@executable_path/Frameworks",
					"@loader_path/Frameworks",
				);
				PRODUCT_BUNDLE_IDENTIFIER = Heiss.ParstagramUITests;
				PRODUCT_NAME = "$(TARGET_NAME)";
				SWIFT_VERSION = 5.0;
				TARGETED_DEVICE_FAMILY = "1,2";
				TEST_TARGET_NAME = Parstagram;
			};
			name = Release;
		};
/* End XCBuildConfiguration section */

/* Begin XCConfigurationList section */
		BE9DA127237DAED600C9ACD8 /* Build configuration list for PBXProject "Parstagram" */ = {
			isa = XCConfigurationList;
			buildConfigurations = (
				BE9DA154237DAED900C9ACD8 /* Debug */,
				BE9DA155237DAED900C9ACD8 /* Release */,
			);
			defaultConfigurationIsVisible = 0;
			defaultConfigurationName = Release;
		};
		BE9DA156237DAED900C9ACD8 /* Build configuration list for PBXNativeTarget "Parstagram" */ = {
			isa = XCConfigurationList;
			buildConfigurations = (
				BE9DA157237DAED900C9ACD8 /* Debug */,
				BE9DA158237DAED900C9ACD8 /* Release */,
			);
			defaultConfigurationIsVisible = 0;
			defaultConfigurationName = Release;
		};
		BE9DA159237DAED900C9ACD8 /* Build configuration list for PBXNativeTarget "ParstagramTests" */ = {
			isa = XCConfigurationList;
			buildConfigurations = (
				BE9DA15A237DAED900C9ACD8 /* Debug */,
				BE9DA15B237DAED900C9ACD8 /* Release */,
			);
			defaultConfigurationIsVisible = 0;
			defaultConfigurationName = Release;
		};
		BE9DA15C237DAED900C9ACD8 /* Build configuration list for PBXNativeTarget "ParstagramUITests" */ = {
			isa = XCConfigurationList;
			buildConfigurations = (
				BE9DA15D237DAED900C9ACD8 /* Debug */,
				BE9DA15E237DAED900C9ACD8 /* Release */,
			);
			defaultConfigurationIsVisible = 0;
			defaultConfigurationName = Release;
		};
/* End XCConfigurationList section */
	};
	rootObject = BE9DA124237DAED600C9ACD8 /* Project object */;
}
